{
  "nodes": {
    "hardware": {
      "locked": {
        "lastModified": 1724067415,
        "narHash": "sha256-WJBAEFXAtA41RMpK8mvw0cQ62CJkNMBtzcEeNIJV7b0=",
        "owner": "NixOS",
        "repo": "nixos-hardware",
        "rev": "b09c46430ffcf18d575acf5c339b38ac4e1db5d2",
        "type": "github"
      },
      "original": {
        "owner": "NixOS",
        "ref": "master",
        "repo": "nixos-hardware",
        "type": "github"
      }
    },
    "nixpkgs": {
      "locked": {
        "lastModified": 1723938990,
        "narHash": "sha256-9tUadhnZQbWIiYVXH8ncfGXGvkNq3Hag4RCBEMUk7MI=",
        "owner": "NixOS",
        "repo": "nixpkgs",
        "rev": "c42fcfbdfeae23e68fc520f9182dde9f38ad1890",
        "type": "github"
      },
      "original": {
        "id": "nixpkgs",
        "ref": "nixos-24.05",
        "type": "indirect"
      }
    },
    "root": {
      "inputs": {
        "hardware": "hardware",
        "nixpkgs": "nixpkgs",
        "unstable": "unstable"
      }
    },
    "unstable": {
      "locked": {
        "lastModified": 1712791164,
        "narHash": "sha256-3sbWO1mbpWsLepZGbWaMovSO7ndZeFqDSdX0hZ9nVyw=",
        "owner": "NixOS",
        "repo": "nixpkgs",
        "rev": "1042fd8b148a9105f3c0aca3a6177fd1d9360ba5",
        "type": "github"
      },
      "original": {
        "id": "nixpkgs",
        "ref": "nixos-unstable",
        "type": "indirect"
      }
    }
  },
  "root": "root",
  "version": 7
}
